{
  "name": "noex-dashboard-example",
  "version": "1.0.0",
  "lockfileVersion": 3,
  "requires": true,
  "packages": {
    "": {
      "name": "noex-dashboard-example",
      "version": "1.0.0",
      "dependencies": {
        "noex": "file:../.."
      }
    },
    "../..": {
      "version": "0.1.0",
      "license": "MIT",
      "devDependencies": {
        "@types/blessed": "^0.1.27",
        "@types/node": "^22.0.0",
        "blessed": "^0.1.81",
        "blessed-contrib": "^4.11.0",
        "typescript": "^5.7.0",
        "vitest": "^2.1.0"
      },
      "engines": {
        "node": ">=20.0.0"
      }
    },
    "node_modules/noex": {
      "resolved": "../..",
      "link": true
    }
  }
}
